// !$*UTF8*$!
{
	archiveVersion = 1;
	classes = {
	};
	objectVersion = 56;
	objects = {

/* Begin PBXBuildFile section */
		1E3B5BB22C1C733200F7B37E /* MarshmelloApp.swift in Sources */ = {isa = PBXBuildFile; fileRef = 1E3B5BB12C1C733200F7B37E /* MarshmelloApp.swift */; };
		1E3B5BB42C1C733200F7B37E /* ContentView.swift in Sources */ = {isa = PBXBuildFile; fileRef = 1E3B5BB32C1C733200F7B37E /* ContentView.swift */; };
		1E3B5BB92C1C733400F7B37E /* Preview Assets.xcassets in Resources */ = {isa = PBXBuildFile; fileRef = 1E3B5BB82C1C733400F7B37E /* Preview Assets.xcassets */; };
		1E3B5BC02C1C736D00F7B37E /* OnboardingView.swift in Sources */ = {isa = PBXBuildFile; fileRef = 1E3B5BBF2C1C736D00F7B37E /* OnboardingView.swift */; };
		1E3B5BC22C1C738400F7B37E /* MarshmelloView.swift in Sources */ = {isa = PBXBuildFile; fileRef = 1E3B5BC12C1C738400F7B37E /* MarshmelloView.swift */; };
		1E3B5BCF2C1C797400F7B37E /* SUIT-Regular.otf in Resources */ = {isa = PBXBuildFile; fileRef = 1E3B5BC62C1C797400F7B37E /* SUIT-Regular.otf */; };
		1E3B5BD02C1C797400F7B37E /* SUIT-Light.otf in Resources */ = {isa = PBXBuildFile; fileRef = 1E3B5BC72C1C797400F7B37E /* SUIT-Light.otf */; };
		1E3B5BD12C1C797400F7B37E /* SUIT-ExtraLight.otf in Resources */ = {isa = PBXBuildFile; fileRef = 1E3B5BC82C1C797400F7B37E /* SUIT-ExtraLight.otf */; };
		1E3B5BD22C1C797400F7B37E /* SUIT-Heavy.otf in Resources */ = {isa = PBXBuildFile; fileRef = 1E3B5BC92C1C797400F7B37E /* SUIT-Heavy.otf */; };
		1E3B5BD32C1C797400F7B37E /* SUIT-Medium.otf in Resources */ = {isa = PBXBuildFile; fileRef = 1E3B5BCA2C1C797400F7B37E /* SUIT-Medium.otf */; };
		1E3B5BD42C1C797400F7B37E /* SUIT-SemiBold.otf in Resources */ = {isa = PBXBuildFile; fileRef = 1E3B5BCB2C1C797400F7B37E /* SUIT-SemiBold.otf */; };
		1E3B5BD52C1C797400F7B37E /* SUIT-Thin.otf in Resources */ = {isa = PBXBuildFile; fileRef = 1E3B5BCC2C1C797400F7B37E /* SUIT-Thin.otf */; };
		1E3B5BD62C1C797400F7B37E /* SUIT-ExtraBold.otf in Resources */ = {isa = PBXBuildFile; fileRef = 1E3B5BCD2C1C797400F7B37E /* SUIT-ExtraBold.otf */; };
		1E3B5BD72C1C797400F7B37E /* SUIT-Bold.otf in Resources */ = {isa = PBXBuildFile; fileRef = 1E3B5BCE2C1C797400F7B37E /* SUIT-Bold.otf */; };
		1E3B5BDA2C1C7A7E00F7B37E /* FontManager.swift in Sources */ = {isa = PBXBuildFile; fileRef = 1E3B5BD92C1C7A7E00F7B37E /* FontManager.swift */; };
		1E3B5BDC2C1C86B400F7B37E /* LottieView.swift in Sources */ = {isa = PBXBuildFile; fileRef = 1E3B5BDB2C1C86B400F7B37E /* LottieView.swift */; };
		1E3B5BDF2C1C86DB00F7B37E /* Lottie in Frameworks */ = {isa = PBXBuildFile; productRef = 1E3B5BDE2C1C86DB00F7B37E /* Lottie */; };
		1E3B5BE12C1C966A00F7B37E /* LocationManager.swift in Sources */ = {isa = PBXBuildFile; fileRef = 1E3B5BE02C1C966A00F7B37E /* LocationManager.swift */; };
		1E3B5BE62C1CBD6100F7B37E /* fire.json in Resources */ = {isa = PBXBuildFile; fileRef = 1E3B5BE52C1CBD6100F7B37E /* fire.json */; };
		1E3B5BEA2C1CD65300F7B37E /* LocationView.swift in Sources */ = {isa = PBXBuildFile; fileRef = 1E3B5BE92C1CD65300F7B37E /* LocationView.swift */; };
		1E3B5BF62C1CFEBD00F7B37E /* HapticManager.swift in Sources */ = {isa = PBXBuildFile; fileRef = 1E3B5BF52C1CFEBD00F7B37E /* HapticManager.swift */; };
		1EC71FA52C1D162D00CE5297 /* confetti.json in Resources */ = {isa = PBXBuildFile; fileRef = 1EC71FA42C1D162C00CE5297 /* confetti.json */; };
		1EC71FA72C1D267D00CE5297 /* GuideView.swift in Sources */ = {isa = PBXBuildFile; fileRef = 1EC71FA62C1D267D00CE5297 /* GuideView.swift */; };
		1EC71FA82C1D2F1100CE5297 /* Assets.xcassets in Resources */ = {isa = PBXBuildFile; fileRef = 1E3B5BB52C1C733400F7B37E /* Assets.xcassets */; };
		1EC71FAA2C1D31AC00CE5297 /* ChangeView.swift in Sources */ = {isa = PBXBuildFile; fileRef = 1EC71FA92C1D31AC00CE5297 /* ChangeView.swift */; };
		510E23752C1CEEEE0048B2B3 /* middle fire_g.json in Resources */ = {isa = PBXBuildFile; fileRef = 510E236F2C1CEEED0048B2B3 /* middle fire_g.json */; };
		510E23762C1CEEEE0048B2B3 /* small fire_g.json in Resources */ = {isa = PBXBuildFile; fileRef = 510E23702C1CEEED0048B2B3 /* small fire_g.json */; };
		510E23772C1CEEEE0048B2B3 /* big fire_g.json in Resources */ = {isa = PBXBuildFile; fileRef = 510E23712C1CEEED0048B2B3 /* big fire_g.json */; };
		510E23782C1CEEEE0048B2B3 /* big fire.json in Resources */ = {isa = PBXBuildFile; fileRef = 510E23722C1CEEED0048B2B3 /* big fire.json */; };
		510E23792C1CEEEE0048B2B3 /* small fire.json in Resources */ = {isa = PBXBuildFile; fileRef = 510E23732C1CEEEE0048B2B3 /* small fire.json */; };
		510E237A2C1CEEEE0048B2B3 /* middle fire.json in Resources */ = {isa = PBXBuildFile; fileRef = 510E23742C1CEEEE0048B2B3 /* middle fire.json */; };
/* End PBXBuildFile section */

/* Begin PBXFileReference section */
		1E3B5BAE2C1C733200F7B37E /* Marshmello.app */ = {isa = PBXFileReference; explicitFileType = wrapper.application; includeInIndex = 0; path = Marshmello.app; sourceTree = BUILT_PRODUCTS_DIR; };
		1E3B5BB12C1C733200F7B37E /* MarshmelloApp.swift */ = {isa = PBXFileReference; lastKnownFileType = sourcecode.swift; path = MarshmelloApp.swift; sourceTree = "<group>"; };
		1E3B5BB32C1C733200F7B37E /* ContentView.swift */ = {isa = PBXFileReference; lastKnownFileType = sourcecode.swift; path = ContentView.swift; sourceTree = "<group>"; };
		1E3B5BB52C1C733400F7B37E /* Assets.xcassets */ = {isa = PBXFileReference; lastKnownFileType = folder.assetcatalog; path = Assets.xcassets; sourceTree = "<group>"; };
		1E3B5BB82C1C733400F7B37E /* Preview Assets.xcassets */ = {isa = PBXFileReference; lastKnownFileType = folder.assetcatalog; path = "Preview Assets.xcassets"; sourceTree = "<group>"; };
		1E3B5BBF2C1C736D00F7B37E /* OnboardingView.swift */ = {isa = PBXFileReference; lastKnownFileType = sourcecode.swift; path = OnboardingView.swift; sourceTree = "<group>"; };
		1E3B5BC12C1C738400F7B37E /* MarshmelloView.swift */ = {isa = PBXFileReference; lastKnownFileType = sourcecode.swift; path = MarshmelloView.swift; sourceTree = "<group>"; };
		1E3B5BC62C1C797400F7B37E /* SUIT-Regular.otf */ = {isa = PBXFileReference; lastKnownFileType = file; path = "SUIT-Regular.otf"; sourceTree = "<group>"; };
		1E3B5BC72C1C797400F7B37E /* SUIT-Light.otf */ = {isa = PBXFileReference; lastKnownFileType = file; path = "SUIT-Light.otf"; sourceTree = "<group>"; };
		1E3B5BC82C1C797400F7B37E /* SUIT-ExtraLight.otf */ = {isa = PBXFileReference; lastKnownFileType = file; path = "SUIT-ExtraLight.otf"; sourceTree = "<group>"; };
		1E3B5BC92C1C797400F7B37E /* SUIT-Heavy.otf */ = {isa = PBXFileReference; lastKnownFileType = file; path = "SUIT-Heavy.otf"; sourceTree = "<group>"; };
		1E3B5BCA2C1C797400F7B37E /* SUIT-Medium.otf */ = {isa = PBXFileReference; lastKnownFileType = file; path = "SUIT-Medium.otf"; sourceTree = "<group>"; };
		1E3B5BCB2C1C797400F7B37E /* SUIT-SemiBold.otf */ = {isa = PBXFileReference; lastKnownFileType = file; path = "SUIT-SemiBold.otf"; sourceTree = "<group>"; };
		1E3B5BCC2C1C797400F7B37E /* SUIT-Thin.otf */ = {isa = PBXFileReference; lastKnownFileType = file; path = "SUIT-Thin.otf"; sourceTree = "<group>"; };
		1E3B5BCD2C1C797400F7B37E /* SUIT-ExtraBold.otf */ = {isa = PBXFileReference; lastKnownFileType = file; path = "SUIT-ExtraBold.otf"; sourceTree = "<group>"; };
		1E3B5BCE2C1C797400F7B37E /* SUIT-Bold.otf */ = {isa = PBXFileReference; lastKnownFileType = file; path = "SUIT-Bold.otf"; sourceTree = "<group>"; };
		1E3B5BD82C1C79CE00F7B37E /* Info.plist */ = {isa = PBXFileReference; lastKnownFileType = text.plist; path = Info.plist; sourceTree = "<group>"; };
		1E3B5BD92C1C7A7E00F7B37E /* FontManager.swift */ = {isa = PBXFileReference; lastKnownFileType = sourcecode.swift; path = FontManager.swift; sourceTree = "<group>"; };
		1E3B5BDB2C1C86B400F7B37E /* LottieView.swift */ = {isa = PBXFileReference; lastKnownFileType = sourcecode.swift; path = LottieView.swift; sourceTree = "<group>"; };
		1E3B5BE02C1C966A00F7B37E /* LocationManager.swift */ = {isa = PBXFileReference; lastKnownFileType = sourcecode.swift; path = LocationManager.swift; sourceTree = "<group>"; };
		1E3B5BE52C1CBD6100F7B37E /* fire.json */ = {isa = PBXFileReference; fileEncoding = 4; lastKnownFileType = text.json; path = fire.json; sourceTree = "<group>"; };
		1E3B5BE92C1CD65300F7B37E /* LocationView.swift */ = {isa = PBXFileReference; lastKnownFileType = sourcecode.swift; path = LocationView.swift; sourceTree = "<group>"; };
		1E3B5BF52C1CFEBD00F7B37E /* HapticManager.swift */ = {isa = PBXFileReference; lastKnownFileType = sourcecode.swift; path = HapticManager.swift; sourceTree = "<group>"; };
		1EC71FA42C1D162C00CE5297 /* confetti.json */ = {isa = PBXFileReference; fileEncoding = 4; lastKnownFileType = text.json; path = confetti.json; sourceTree = "<group>"; };
		1EC71FA62C1D267D00CE5297 /* GuideView.swift */ = {isa = PBXFileReference; lastKnownFileType = sourcecode.swift; path = GuideView.swift; sourceTree = "<group>"; };
		1EC71FA92C1D31AC00CE5297 /* ChangeView.swift */ = {isa = PBXFileReference; lastKnownFileType = sourcecode.swift; path = ChangeView.swift; sourceTree = "<group>"; };
		510E236F2C1CEEED0048B2B3 /* middle fire_g.json */ = {isa = PBXFileReference; fileEncoding = 4; lastKnownFileType = text.json; path = "middle fire_g.json"; sourceTree = "<group>"; };
		510E23702C1CEEED0048B2B3 /* small fire_g.json */ = {isa = PBXFileReference; fileEncoding = 4; lastKnownFileType = text.json; path = "small fire_g.json"; sourceTree = "<group>"; };
		510E23712C1CEEED0048B2B3 /* big fire_g.json */ = {isa = PBXFileReference; fileEncoding = 4; lastKnownFileType = text.json; path = "big fire_g.json"; sourceTree = "<group>"; };
		510E23722C1CEEED0048B2B3 /* big fire.json */ = {isa = PBXFileReference; fileEncoding = 4; lastKnownFileType = text.json; path = "big fire.json"; sourceTree = "<group>"; };
		510E23732C1CEEEE0048B2B3 /* small fire.json */ = {isa = PBXFileReference; fileEncoding = 4; lastKnownFileType = text.json; path = "small fire.json"; sourceTree = "<group>"; };
		510E23742C1CEEEE0048B2B3 /* middle fire.json */ = {isa = PBXFileReference; fileEncoding = 4; lastKnownFileType = text.json; path = "middle fire.json"; sourceTree = "<group>"; };
/* End PBXFileReference section */

/* Begin PBXFrameworksBuildPhase section */
		1E3B5BAB2C1C733200F7B37E /* Frameworks */ = {
			isa = PBXFrameworksBuildPhase;
			buildActionMask = 2147483647;
			files = (
				1E3B5BDF2C1C86DB00F7B37E /* Lottie in Frameworks */,
			);
			runOnlyForDeploymentPostprocessing = 0;
		};
/* End PBXFrameworksBuildPhase section */

/* Begin PBXGroup section */
		1E3B5BA52C1C733200F7B37E = {
			isa = PBXGroup;
			children = (
				1E3B5BB02C1C733200F7B37E /* Marshmello */,
				1E3B5BAF2C1C733200F7B37E /* Products */,
			);
			sourceTree = "<group>";
		};
		1E3B5BAF2C1C733200F7B37E /* Products */ = {
			isa = PBXGroup;
			children = (
				1E3B5BAE2C1C733200F7B37E /* Marshmello.app */,
			);
			name = Products;
			sourceTree = "<group>";
		};
		1E3B5BB02C1C733200F7B37E /* Marshmello */ = {
			isa = PBXGroup;
			children = (
				1E3B5BD82C1C79CE00F7B37E /* Info.plist */,
				1E3B5BB12C1C733200F7B37E /* MarshmelloApp.swift */,
				1E3B5BC32C1C738C00F7B37E /* View */,
				1E3B5BC42C1C739A00F7B37E /* Resource */,
				1E3B5BB72C1C733400F7B37E /* Preview Content */,
			);
			path = Marshmello;
			sourceTree = "<group>";
		};
		1E3B5BB72C1C733400F7B37E /* Preview Content */ = {
			isa = PBXGroup;
			children = (
				1E3B5BB82C1C733400F7B37E /* Preview Assets.xcassets */,
			);
			path = "Preview Content";
			sourceTree = "<group>";
		};
		1E3B5BC32C1C738C00F7B37E /* View */ = {
			isa = PBXGroup;
			children = (
				1E3B5BB32C1C733200F7B37E /* ContentView.swift */,
				1E3B5BE92C1CD65300F7B37E /* LocationView.swift */,
				1E3B5BBF2C1C736D00F7B37E /* OnboardingView.swift */,
				1E3B5BC12C1C738400F7B37E /* MarshmelloView.swift */,
				1EC71FA62C1D267D00CE5297 /* GuideView.swift */,
				1E3B5BDB2C1C86B400F7B37E /* LottieView.swift */,
				1EC71FA92C1D31AC00CE5297 /* ChangeView.swift */,
			);
			path = View;
			sourceTree = "<group>";
		};
		1E3B5BC42C1C739A00F7B37E /* Resource */ = {
			isa = PBXGroup;
			children = (
				510E23712C1CEEED0048B2B3 /* big fire_g.json */,
				510E23722C1CEEED0048B2B3 /* big fire.json */,
				510E236F2C1CEEED0048B2B3 /* middle fire_g.json */,
				510E23742C1CEEEE0048B2B3 /* middle fire.json */,
				510E23702C1CEEED0048B2B3 /* small fire_g.json */,
				510E23732C1CEEEE0048B2B3 /* small fire.json */,
				1E3B5BE52C1CBD6100F7B37E /* fire.json */,
				1EC71FA42C1D162C00CE5297 /* confetti.json */,
				1E3B5BE02C1C966A00F7B37E /* LocationManager.swift */,
				1E3B5BF52C1CFEBD00F7B37E /* HapticManager.swift */,
				1E3B5BC52C1C796800F7B37E /* Font */,
				1E3B5BB52C1C733400F7B37E /* Assets.xcassets */,
			);
			path = Resource;
			sourceTree = "<group>";
		};
		1E3B5BC52C1C796800F7B37E /* Font */ = {
			isa = PBXGroup;
			children = (
				1E3B5BCE2C1C797400F7B37E /* SUIT-Bold.otf */,
				1E3B5BCD2C1C797400F7B37E /* SUIT-ExtraBold.otf */,
				1E3B5BC82C1C797400F7B37E /* SUIT-ExtraLight.otf */,
				1E3B5BC92C1C797400F7B37E /* SUIT-Heavy.otf */,
				1E3B5BC72C1C797400F7B37E /* SUIT-Light.otf */,
				1E3B5BCA2C1C797400F7B37E /* SUIT-Medium.otf */,
				1E3B5BC62C1C797400F7B37E /* SUIT-Regular.otf */,
				1E3B5BCB2C1C797400F7B37E /* SUIT-SemiBold.otf */,
				1E3B5BCC2C1C797400F7B37E /* SUIT-Thin.otf */,
				1E3B5BD92C1C7A7E00F7B37E /* FontManager.swift */,
			);
			path = Font;
			sourceTree = "<group>";
		};
/* End PBXGroup section */

/* Begin PBXNativeTarget section */
		1E3B5BAD2C1C733200F7B37E /* Marshmello */ = {
			isa = PBXNativeTarget;
			buildConfigurationList = 1E3B5BBC2C1C733400F7B37E /* Build configuration list for PBXNativeTarget "Marshmello" */;
			buildPhases = (
				1E3B5BAA2C1C733200F7B37E /* Sources */,
				1E3B5BAB2C1C733200F7B37E /* Frameworks */,
				1E3B5BAC2C1C733200F7B37E /* Resources */,
			);
			buildRules = (
			);
			dependencies = (
			);
			name = Marshmello;
			packageProductDependencies = (
				1E3B5BDE2C1C86DB00F7B37E /* Lottie */,
			);
			productName = Marshmello;
			productReference = 1E3B5BAE2C1C733200F7B37E /* Marshmello.app */;
			productType = "com.apple.product-type.application";
		};
/* End PBXNativeTarget section */

/* Begin PBXProject section */
		1E3B5BA62C1C733200F7B37E /* Project object */ = {
			isa = PBXProject;
			attributes = {
				BuildIndependentTargetsInParallel = 1;
				LastSwiftUpdateCheck = 1530;
				LastUpgradeCheck = 1530;
				TargetAttributes = {
					1E3B5BAD2C1C733200F7B37E = {
						CreatedOnToolsVersion = 15.3;
					};
				};
			};
			buildConfigurationList = 1E3B5BA92C1C733200F7B37E /* Build configuration list for PBXProject "Marshmello" */;
			compatibilityVersion = "Xcode 14.0";
			developmentRegion = en;
			hasScannedForEncodings = 0;
			knownRegions = (
				en,
				Base,
			);
			mainGroup = 1E3B5BA52C1C733200F7B37E;
			packageReferences = (
				1E3B5BDD2C1C86DB00F7B37E /* XCRemoteSwiftPackageReference "lottie-ios" */,
			);
			productRefGroup = 1E3B5BAF2C1C733200F7B37E /* Products */;
			projectDirPath = "";
			projectRoot = "";
			targets = (
				1E3B5BAD2C1C733200F7B37E /* Marshmello */,
			);
		};
/* End PBXProject section */

/* Begin PBXResourcesBuildPhase section */
		1E3B5BAC2C1C733200F7B37E /* Resources */ = {
			isa = PBXResourcesBuildPhase;
			buildActionMask = 2147483647;
			files = (
				1E3B5BD22C1C797400F7B37E /* SUIT-Heavy.otf in Resources */,
				1E3B5BD42C1C797400F7B37E /* SUIT-SemiBold.otf in Resources */,
				1E3B5BD62C1C797400F7B37E /* SUIT-ExtraBold.otf in Resources */,
				1EC71FA82C1D2F1100CE5297 /* Assets.xcassets in Resources */,
				510E23752C1CEEEE0048B2B3 /* middle fire_g.json in Resources */,
				510E23762C1CEEEE0048B2B3 /* small fire_g.json in Resources */,
				1E3B5BE62C1CBD6100F7B37E /* fire.json in Resources */,
				1E3B5BB92C1C733400F7B37E /* Preview Assets.xcassets in Resources */,
				1EC71FA52C1D162D00CE5297 /* confetti.json in Resources */,
				510E23792C1CEEEE0048B2B3 /* small fire.json in Resources */,
				1E3B5BD32C1C797400F7B37E /* SUIT-Medium.otf in Resources */,
				510E237A2C1CEEEE0048B2B3 /* middle fire.json in Resources */,
				1E3B5BCF2C1C797400F7B37E /* SUIT-Regular.otf in Resources */,
				510E23772C1CEEEE0048B2B3 /* big fire_g.json in Resources */,
				1E3B5BD72C1C797400F7B37E /* SUIT-Bold.otf in Resources */,
				1E3B5BD02C1C797400F7B37E /* SUIT-Light.otf in Resources */,
				510E23782C1CEEEE0048B2B3 /* big fire.json in Resources */,
				1E3B5BD12C1C797400F7B37E /* SUIT-ExtraLight.otf in Resources */,
				1E3B5BD52C1C797400F7B37E /* SUIT-Thin.otf in Resources */,
			);
			runOnlyForDeploymentPostprocessing = 0;
		};
/* End PBXResourcesBuildPhase section */

/* Begin PBXSourcesBuildPhase section */
		1E3B5BAA2C1C733200F7B37E /* Sources */ = {
			isa = PBXSourcesBuildPhase;
			buildActionMask = 2147483647;
			files = (
				1E3B5BDA2C1C7A7E00F7B37E /* FontManager.swift in Sources */,
				1E3B5BEA2C1CD65300F7B37E /* LocationView.swift in Sources */,
				1E3B5BC02C1C736D00F7B37E /* OnboardingView.swift in Sources */,
				1E3B5BB42C1C733200F7B37E /* ContentView.swift in Sources */,
				1E3B5BE12C1C966A00F7B37E /* LocationManager.swift in Sources */,
				1E3B5BC22C1C738400F7B37E /* MarshmelloView.swift in Sources */,
				1E3B5BB22C1C733200F7B37E /* MarshmelloApp.swift in Sources */,
				1E3B5BF62C1CFEBD00F7B37E /* HapticManager.swift in Sources */,
				1EC71FAA2C1D31AC00CE5297 /* ChangeView.swift in Sources */,
				1E3B5BDC2C1C86B400F7B37E /* LottieView.swift in Sources */,
				1EC71FA72C1D267D00CE5297 /* GuideView.swift in Sources */,
			);
			runOnlyForDeploymentPostprocessing = 0;
		};
/* End PBXSourcesBuildPhase section */

/* Begin XCBuildConfiguration section */
		1E3B5BBA2C1C733400F7B37E /* Debug */ = {
			isa = XCBuildConfiguration;
			buildSettings = {
				ALWAYS_SEARCH_USER_PATHS = NO;
				ASSETCATALOG_COMPILER_GENERATE_SWIFT_ASSET_SYMBOL_EXTENSIONS = YES;
				CLANG_ANALYZER_NONNULL = YES;
				CLANG_ANALYZER_NUMBER_OBJECT_CONVERSION = YES_AGGRESSIVE;
				CLANG_CXX_LANGUAGE_STANDARD = "gnu++20";
				CLANG_ENABLE_MODULES = YES;
				CLANG_ENABLE_OBJC_ARC = YES;
				CLANG_ENABLE_OBJC_WEAK = YES;
				CLANG_WARN_BLOCK_CAPTURE_AUTORELEASING = YES;
				CLANG_WARN_BOOL_CONVERSION = YES;
				CLANG_WARN_COMMA = YES;
				CLANG_WARN_CONSTANT_CONVERSION = YES;
				CLANG_WARN_DEPRECATED_OBJC_IMPLEMENTATIONS = YES;
				CLANG_WARN_DIRECT_OBJC_ISA_USAGE = YES_ERROR;
				CLANG_WARN_DOCUMENTATION_COMMENTS = YES;
				CLANG_WARN_EMPTY_BODY = YES;
				CLANG_WARN_ENUM_CONVERSION = YES;
				CLANG_WARN_INFINITE_RECURSION = YES;
				CLANG_WARN_INT_CONVERSION = YES;
				CLANG_WARN_NON_LITERAL_NULL_CONVERSION = YES;
				CLANG_WARN_OBJC_IMPLICIT_RETAIN_SELF = YES;
				CLANG_WARN_OBJC_LITERAL_CONVERSION = YES;
				CLANG_WARN_OBJC_ROOT_CLASS = YES_ERROR;
				CLANG_WARN_QUOTED_INCLUDE_IN_FRAMEWORK_HEADER = YES;
				CLANG_WARN_RANGE_LOOP_ANALYSIS = YES;
				CLANG_WARN_STRICT_PROTOTYPES = YES;
				CLANG_WARN_SUSPICIOUS_MOVE = YES;
				CLANG_WARN_UNGUARDED_AVAILABILITY = YES_AGGRESSIVE;
				CLANG_WARN_UNREACHABLE_CODE = YES;
				CLANG_WARN__DUPLICATE_METHOD_MATCH = YES;
				COPY_PHASE_STRIP = NO;
				DEBUG_INFORMATION_FORMAT = dwarf;
				ENABLE_STRICT_OBJC_MSGSEND = YES;
				ENABLE_TESTABILITY = YES;
				ENABLE_USER_SCRIPT_SANDBOXING = YES;
				GCC_C_LANGUAGE_STANDARD = gnu17;
				GCC_DYNAMIC_NO_PIC = NO;
				GCC_NO_COMMON_BLOCKS = YES;
				GCC_OPTIMIZATION_LEVEL = 0;
				GCC_PREPROCESSOR_DEFINITIONS = (
					"DEBUG=1",
					"$(inherited)",
				);
				GCC_WARN_64_TO_32_BIT_CONVERSION = YES;
				GCC_WARN_ABOUT_RETURN_TYPE = YES_ERROR;
				GCC_WARN_UNDECLARED_SELECTOR = YES;
				GCC_WARN_UNINITIALIZED_AUTOS = YES_AGGRESSIVE;
				GCC_WARN_UNUSED_FUNCTION = YES;
				GCC_WARN_UNUSED_VARIABLE = YES;
				IPHONEOS_DEPLOYMENT_TARGET = 17.4;
				LOCALIZATION_PREFERS_STRING_CATALOGS = YES;
				MTL_ENABLE_DEBUG_INFO = INCLUDE_SOURCE;
				MTL_FAST_MATH = YES;
				ONLY_ACTIVE_ARCH = YES;
				SDKROOT = iphoneos;
				SWIFT_ACTIVE_COMPILATION_CONDITIONS = "DEBUG $(inherited)";
				SWIFT_OPTIMIZATION_LEVEL = "-Onone";
			};
			name = Debug;
		};
		1E3B5BBB2C1C733400F7B37E /* Release */ = {
			isa = XCBuildConfiguration;
			buildSettings = {
				ALWAYS_SEARCH_USER_PATHS = NO;
				ASSETCATALOG_COMPILER_GENERATE_SWIFT_ASSET_SYMBOL_EXTENSIONS = YES;
				CLANG_ANALYZER_NONNULL = YES;
				CLANG_ANALYZER_NUMBER_OBJECT_CONVERSION = YES_AGGRESSIVE;
				CLANG_CXX_LANGUAGE_STANDARD = "gnu++20";
				CLANG_ENABLE_MODULES = YES;
				CLANG_ENABLE_OBJC_ARC = YES;
				CLANG_ENABLE_OBJC_WEAK = YES;
				CLANG_WARN_BLOCK_CAPTURE_AUTORELEASING = YES;
				CLANG_WARN_BOOL_CONVERSION = YES;
				CLANG_WARN_COMMA = YES;
				CLANG_WARN_CONSTANT_CONVERSION = YES;
				CLANG_WARN_DEPRECATED_OBJC_IMPLEMENTATIONS = YES;
				CLANG_WARN_DIRECT_OBJC_ISA_USAGE = YES_ERROR;
				CLANG_WARN_DOCUMENTATION_COMMENTS = YES;
				CLANG_WARN_EMPTY_BODY = YES;
				CLANG_WARN_ENUM_CONVERSION = YES;
				CLANG_WARN_INFINITE_RECURSION = YES;
				CLANG_WARN_INT_CONVERSION = YES;
				CLANG_WARN_NON_LITERAL_NULL_CONVERSION = YES;
				CLANG_WARN_OBJC_IMPLICIT_RETAIN_SELF = YES;
				CLANG_WARN_OBJC_LITERAL_CONVERSION = YES;
				CLANG_WARN_OBJC_ROOT_CLASS = YES_ERROR;
				CLANG_WARN_QUOTED_INCLUDE_IN_FRAMEWORK_HEADER = YES;
				CLANG_WARN_RANGE_LOOP_ANALYSIS = YES;
				CLANG_WARN_STRICT_PROTOTYPES = YES;
				CLANG_WARN_SUSPICIOUS_MOVE = YES;
				CLANG_WARN_UNGUARDED_AVAILABILITY = YES_AGGRESSIVE;
				CLANG_WARN_UNREACHABLE_CODE = YES;
				CLANG_WARN__DUPLICATE_METHOD_MATCH = YES;
				COPY_PHASE_STRIP = NO;
				DEBUG_INFORMATION_FORMAT = "dwarf-with-dsym";
				ENABLE_NS_ASSERTIONS = NO;
				ENABLE_STRICT_OBJC_MSGSEND = YES;
				ENABLE_USER_SCRIPT_SANDBOXING = YES;
				GCC_C_LANGUAGE_STANDARD = gnu17;
				GCC_NO_COMMON_BLOCKS = YES;
				GCC_WARN_64_TO_32_BIT_CONVERSION = YES;
				GCC_WARN_ABOUT_RETURN_TYPE = YES_ERROR;
				GCC_WARN_UNDECLARED_SELECTOR = YES;
				GCC_WARN_UNINITIALIZED_AUTOS = YES_AGGRESSIVE;
				GCC_WARN_UNUSED_FUNCTION = YES;
				GCC_WARN_UNUSED_VARIABLE = YES;
				IPHONEOS_DEPLOYMENT_TARGET = 17.4;
				LOCALIZATION_PREFERS_STRING_CATALOGS = YES;
				MTL_ENABLE_DEBUG_INFO = NO;
				MTL_FAST_MATH = YES;
				SDKROOT = iphoneos;
				SWIFT_COMPILATION_MODE = wholemodule;
				VALIDATE_PRODUCT = YES;
			};
			name = Release;
		};
		1E3B5BBD2C1C733400F7B37E /* Debug */ = {
			isa = XCBuildConfiguration;
			buildSettings = {
				ASSETCATALOG_COMPILER_APPICON_NAME = AppIcon;
				ASSETCATALOG_COMPILER_GLOBAL_ACCENT_COLOR_NAME = AccentColor;
				CODE_SIGN_STYLE = Automatic;
				CURRENT_PROJECT_VERSION = 1;
				DEVELOPMENT_ASSET_PATHS = "\"Marshmello/Preview Content\"";
				DEVELOPMENT_TEAM = R62RZ89ZRU;
				ENABLE_PREVIEWS = YES;
				GENERATE_INFOPLIST_FILE = YES;
				INFOPLIST_FILE = Marshmello/Info.plist;
				INFOPLIST_KEY_CFBundleDisplayName = Modak;
				INFOPLIST_KEY_NSLocationWhenInUseUsageDescription = "현재 위치 사용을 허용하시겠습니까?";
				INFOPLIST_KEY_UIApplicationSceneManifest_Generation = YES;
				INFOPLIST_KEY_UIApplicationSupportsIndirectInputEvents = YES;
				INFOPLIST_KEY_UISupportedInterfaceOrientations_iPad = "UIInterfaceOrientationPortrait UIInterfaceOrientationPortraitUpsideDown UIInterfaceOrientationLandscapeLeft UIInterfaceOrientationLandscapeRight";
				INFOPLIST_KEY_UISupportedInterfaceOrientations_iPhone = "UIInterfaceOrientationPortrait UIInterfaceOrientationLandscapeLeft UIInterfaceOrientationLandscapeRight";
				IPHONEOS_DEPLOYMENT_TARGET = 17.0;
				LD_RUNPATH_SEARCH_PATHS = (
					"$(inherited)",
					"@executable_path/Frameworks",
				);
				MARKETING_VERSION = 1.0;
				PRODUCT_BUNDLE_IDENTIFIER = com.ADA.CodeDrop.Marshmello;
				PRODUCT_NAME = "$(TARGET_NAME)";
				SWIFT_EMIT_LOC_STRINGS = YES;
				SWIFT_VERSION = 5.0;
				TARGETED_DEVICE_FAMILY = "1,2";
			};
			name = Debug;
		};
		1E3B5BBE2C1C733400F7B37E /* Release */ = {
			isa = XCBuildConfiguration;
			buildSettings = {
				ASSETCATALOG_COMPILER_APPICON_NAME = AppIcon;
				ASSETCATALOG_COMPILER_GLOBAL_ACCENT_COLOR_NAME = AccentColor;
				CODE_SIGN_STYLE = Automatic;
				CURRENT_PROJECT_VERSION = 1;
				DEVELOPMENT_ASSET_PATHS = "\"Marshmello/Preview Content\"";
				DEVELOPMENT_TEAM = R62RZ89ZRU;
				ENABLE_PREVIEWS = YES;
				GENERATE_INFOPLIST_FILE = YES;
				INFOPLIST_FILE = Marshmello/Info.plist;
				INFOPLIST_KEY_CFBundleDisplayName = Modak;
				INFOPLIST_KEY_NSLocationWhenInUseUsageDescription = "현재 위치 사용을 허용하시겠습니까?";
				INFOPLIST_KEY_UIApplicationSceneManifest_Generation = YES;
				INFOPLIST_KEY_UIApplicationSupportsIndirectInputEvents = YES;
				INFOPLIST_KEY_UISupportedInterfaceOrientations_iPad = "UIInterfaceOrientationPortrait UIInterfaceOrientationPortraitUpsideDown UIInterfaceOrientationLandscapeLeft UIInterfaceOrientationLandscapeRight";
				INFOPLIST_KEY_UISupportedInterfaceOrientations_iPhone = "UIInterfaceOrientationPortrait UIInterfaceOrientationLandscapeLeft UIInterfaceOrientationLandscapeRight";
				IPHONEOS_DEPLOYMENT_TARGET = 17.0;
				LD_RUNPATH_SEARCH_PATHS = (
					"$(inherited)",
					"@executable_path/Frameworks",
				);
				MARKETING_VERSION = 1.0;
				PRODUCT_BUNDLE_IDENTIFIER = com.ADA.CodeDrop.Marshmello;
				PRODUCT_NAME = "$(TARGET_NAME)";
				SWIFT_EMIT_LOC_STRINGS = YES;
				SWIFT_VERSION = 5.0;
				TARGETED_DEVICE_FAMILY = "1,2";
			};
			name = Release;
		};
/* End XCBuildConfiguration section */

/* Begin XCConfigurationList section */
		1E3B5BA92C1C733200F7B37E /* Build configuration list for PBXProject "Marshmello" */ = {
			isa = XCConfigurationList;
			buildConfigurations = (
				1E3B5BBA2C1C733400F7B37E /* Debug */,
				1E3B5BBB2C1C733400F7B37E /* Release */,
			);
			defaultConfigurationIsVisible = 0;
			defaultConfigurationName = Release;
		};
		1E3B5BBC2C1C733400F7B37E /* Build configuration list for PBXNativeTarget "Marshmello" */ = {
			isa = XCConfigurationList;
			buildConfigurations = (
				1E3B5BBD2C1C733400F7B37E /* Debug */,
				1E3B5BBE2C1C733400F7B37E /* Release */,
			);
			defaultConfigurationIsVisible = 0;
			defaultConfigurationName = Release;
		};
/* End XCConfigurationList section */

/* Begin XCRemoteSwiftPackageReference section */
		1E3B5BDD2C1C86DB00F7B37E /* XCRemoteSwiftPackageReference "lottie-ios" */ = {
			isa = XCRemoteSwiftPackageReference;
			repositoryURL = "https://github.com/airbnb/lottie-ios.git";
			requirement = {
				kind = upToNextMajorVersion;
				minimumVersion = 4.4.3;
			};
		};
/* End XCRemoteSwiftPackageReference section */

/* Begin XCSwiftPackageProductDependency section */
		1E3B5BDE2C1C86DB00F7B37E /* Lottie */ = {
			isa = XCSwiftPackageProductDependency;
			package = 1E3B5BDD2C1C86DB00F7B37E /* XCRemoteSwiftPackageReference "lottie-ios" */;
			productName = Lottie;
		};
/* End XCSwiftPackageProductDependency section */
	};
	rootObject = 1E3B5BA62C1C733200F7B37E /* Project object */;
}
